
Microsoft Visual Studio Solution File, Format Version 12.00
# Visual Studio Version 17
VisualStudioVersion = 17.8.34511.84
MinimumVisualStudioVersion = 10.0.40219.1
Project("{FAE04EC0-301F-11D3-BF4B-00C04F79EFBC}") = "WebApplication2", "WebApplication2.csproj", "{F842AF52-5712-4ED0-BC30-8366C2177AAD}"
EndProject
Global
	GlobalSection(SolutionConfigurationPlatforms) = preSolution
		Debug|Any CPU = Debug|Any CPU
		Release|Any CPU = Release|Any CPU
	EndGlobalSection
	GlobalSection(ProjectConfigurationPlatforms) = postSolution
		{F842AF52-5712-4ED0-BC30-8366C2177AAD}.Debug|Any CPU.ActiveCfg = Debug|Any CPU
		{F842AF52-5712-4ED0-BC30-8366C2177AAD}.Debug|Any CPU.Build.0 = Debug|Any CPU
		{F842AF52-5712-4ED0-BC30-8366C2177AAD}.Release|Any CPU.ActiveCfg = Release|Any CPU
		{F842AF52-5712-4ED0-BC30-8366C2177AAD}.Release|Any CPU.Build.0 = Release|Any CPU
	EndGlobalSection
	GlobalSection(SolutionProperties) = preSolution
		HideSolutionNode = FALSE
	EndGlobalSection
	GlobalSection(ExtensibilityGlobals) = postSolution
		SolutionGuid = {D8D52A4A-D6A8-4B6D-BA27-4B630B8D4AA8}
	EndGlobalSection
EndGlobal
